PODS:
  - CTMediator (44)
  - SwiftHandyFrame (15)

DEPENDENCIES:
  - CTMediator
  - SwiftHandyFrame

SPEC REPOS:
  https://github.com/CocoaPods/Specs.git:
    - CTMediator
    - SwiftHandyFrame

SPEC CHECKSUMS:
  CTMediator: 933dba523da87bf875e4a7e8728945fbc512f1d2
  SwiftHandyFrame: 76340da8630c255a0b48f70a323f2d2b408babcc

PODFILE CHECKSUM: f07cd31d572e8bb286082aefc65f2e77ea9c17a2

COCOAPODS: 1.9.3
